// !$*UTF8*$!
{
	archiveVersion = 1;
	classes = {
	};
	objectVersion = 46;
	objects = {

/* Begin PBXBuildFile section */
		C205A77119487C5D00B37D32 /* Foundation.framework in Frameworks */ = {isa = PBXBuildFile; fileRef = C205A77019487C5D00B37D32 /* Foundation.framework */; };
		C205A77319487C5D00B37D32 /* CoreGraphics.framework in Frameworks */ = {isa = PBXBuildFile; fileRef = C205A77219487C5D00B37D32 /* CoreGraphics.framework */; };
		C205A77519487C5D00B37D32 /* UIKit.framework in Frameworks */ = {isa = PBXBuildFile; fileRef = C205A77419487C5D00B37D32 /* UIKit.framework */; };
		C205A77B19487C5D00B37D32 /* InfoPlist.strings in Resources */ = {isa = PBXBuildFile; fileRef = C205A77919487C5D00B37D32 /* InfoPlist.strings */; };
		C205A77D19487C5D00B37D32 /* main.m in Sources */ = {isa = PBXBuildFile; fileRef = C205A77C19487C5D00B37D32 /* main.m */; };
		C205A78119487C5D00B37D32 /* OBAppDelegate.m in Sources */ = {isa = PBXBuildFile; fileRef = C205A78019487C5D00B37D32 /* OBAppDelegate.m */; };
		C205A78419487C5D00B37D32 /* Main.storyboard in Resources */ = {isa = PBXBuildFile; fileRef = C205A78219487C5D00B37D32 /* Main.storyboard */; };
		C205A78719487C5D00B37D32 /* OBViewController.m in Sources */ = {isa = PBXBuildFile; fileRef = C205A78619487C5D00B37D32 /* OBViewController.m */; };
		C205A78919487C5D00B37D32 /* Images.xcassets in Resources */ = {isa = PBXBuildFile; fileRef = C205A78819487C5D00B37D32 /* Images.xcassets */; };
		C205A79019487C5D00B37D32 /* XCTest.framework in Frameworks */ = {isa = PBXBuildFile; fileRef = C205A78F19487C5D00B37D32 /* XCTest.framework */; };
		C205A79119487C5D00B37D32 /* Foundation.framework in Frameworks */ = {isa = PBXBuildFile; fileRef = C205A77019487C5D00B37D32 /* Foundation.framework */; };
		C205A79219487C5D00B37D32 /* UIKit.framework in Frameworks */ = {isa = PBXBuildFile; fileRef = C205A77419487C5D00B37D32 /* UIKit.framework */; };
		C205A79A19487C5D00B37D32 /* InfoPlist.strings in Resources */ = {isa = PBXBuildFile; fileRef = C205A79819487C5D00B37D32 /* InfoPlist.strings */; };
		C205A79C19487C5D00B37D32 /* OfficeBeaconTests.m in Sources */ = {isa = PBXBuildFile; fileRef = C205A79B19487C5D00B37D32 /* OfficeBeaconTests.m */; };
		C205A7A619487CE700B37D32 /* CoreLocation.framework in Frameworks */ = {isa = PBXBuildFile; fileRef = C205A7A519487CE700B37D32 /* CoreLocation.framework */; };
/* End PBXBuildFile section */

/* Begin PBXContainerItemProxy section */
		C205A79319487C5D00B37D32 /* PBXContainerItemProxy */ = {
			isa = PBXContainerItemProxy;
			containerPortal = C205A76519487C5D00B37D32 /* Project object */;
			proxyType = 1;
			remoteGlobalIDString = C205A76C19487C5D00B37D32;
			remoteInfo = OfficeBeacon;
		};
/* End PBXContainerItemProxy section */

/* Begin PBXFileReference section */
		C205A76D19487C5D00B37D32 /* OfficeBeacon.app */ = {isa = PBXFileReference; explicitFileType = wrapper.application; includeInIndex = 0; path = OfficeBeacon.app; sourceTree = BUILT_PRODUCTS_DIR; };
		C205A77019487C5D00B37D32 /* Foundation.framework */ = {isa = PBXFileReference; lastKnownFileType = wrapper.framework; name = Foundation.framework; path = System/Library/Frameworks/Foundation.framework; sourceTree = SDKROOT; };
		C205A77219487C5D00B37D32 /* CoreGraphics.framework */ = {isa = PBXFileReference; lastKnownFileType = wrapper.framework; name = CoreGraphics.framework; path = System/Library/Frameworks/CoreGraphics.framework; sourceTree = SDKROOT; };
		C205A77419487C5D00B37D32 /* UIKit.framework */ = {isa = PBXFileReference; lastKnownFileType = wrapper.framework; name = UIKit.framework; path = System/Library/Frameworks/UIKit.framework; sourceTree = SDKROOT; };
		C205A77819487C5D00B37D32 /* OfficeBeacon-Info.plist */ = {isa = PBXFileReference; lastKnownFileType = text.plist.xml; path = "OfficeBeacon-Info.plist"; sourceTree = "<group>"; };
		C205A77A19487C5D00B37D32 /* en */ = {isa = PBXFileReference; lastKnownFileType = text.plist.strings; name = en; path = en.lproj/InfoPlist.strings; sourceTree = "<group>"; };
		C205A77C19487C5D00B37D32 /* main.m */ = {isa = PBXFileReference; lastKnownFileType = sourcecode.c.objc; path = main.m; sourceTree = "<group>"; };
		C205A77E19487C5D00B37D32 /* OfficeBeacon-Prefix.pch */ = {isa = PBXFileReference; lastKnownFileType = sourcecode.c.h; path = "OfficeBeacon-Prefix.pch"; sourceTree = "<group>"; };
		C205A77F19487C5D00B37D32 /* OBAppDelegate.h */ = {isa = PBXFileReference; lastKnownFileType = sourcecode.c.h; path = OBAppDelegate.h; sourceTree = "<group>"; };
		C205A78019487C5D00B37D32 /* OBAppDelegate.m */ = {isa = PBXFileReference; lastKnownFileType = sourcecode.c.objc; path = OBAppDelegate.m; sourceTree = "<group>"; };
		C205A78319487C5D00B37D32 /* Base */ = {isa = PBXFileReference; lastKnownFileType = file.storyboard; name = Base; path = Base.lproj/Main.storyboard; sourceTree = "<group>"; };
		C205A78519487C5D00B37D32 /* OBViewController.h */ = {isa = PBXFileReference; lastKnownFileType = sourcecode.c.h; path = OBViewController.h; sourceTree = "<group>"; };
		C205A78619487C5D00B37D32 /* OBViewController.m */ = {isa = PBXFileReference; lastKnownFileType = sourcecode.c.objc; path = OBViewController.m; sourceTree = "<group>"; };
		C205A78819487C5D00B37D32 /* Images.xcassets */ = {isa = PBXFileReference; lastKnownFileType = folder.assetcatalog; path = Images.xcassets; sourceTree = "<group>"; };
		C205A78E19487C5D00B37D32 /* OfficeBeaconTests.xctest */ = {isa = PBXFileReference; explicitFileType = wrapper.cfbundle; includeInIndex = 0; path = OfficeBeaconTests.xctest; sourceTree = BUILT_PRODUCTS_DIR; };
		C205A78F19487C5D00B37D32 /* XCTest.framework */ = {isa = PBXFileReference; lastKnownFileType = wrapper.framework; name = XCTest.framework; path = Library/Frameworks/XCTest.framework; sourceTree = DEVELOPER_DIR; };
		C205A79719487C5D00B37D32 /* OfficeBeaconTests-Info.plist */ = {isa = PBXFileReference; lastKnownFileType = text.plist.xml; path = "OfficeBeaconTests-Info.plist"; sourceTree = "<group>"; };
		C205A79919487C5D00B37D32 /* en */ = {isa = PBXFileReference; lastKnownFileType = text.plist.strings; name = en; path = en.lproj/InfoPlist.strings; sourceTree = "<group>"; };
		C205A79B19487C5D00B37D32 /* OfficeBeaconTests.m */ = {isa = PBXFileReference; lastKnownFileType = sourcecode.c.objc; path = OfficeBeaconTests.m; sourceTree = "<group>"; };
		C205A7A519487CE700B37D32 /* CoreLocation.framework */ = {isa = PBXFileReference; lastKnownFileType = wrapper.framework; name = CoreLocation.framework; path = System/Library/Frameworks/CoreLocation.framework; sourceTree = SDKROOT; };
/* End PBXFileReference section */

/* Begin PBXFrameworksBuildPhase section */
		C205A76A19487C5D00B37D32 /* Frameworks */ = {
			isa = PBXFrameworksBuildPhase;
			buildActionMask = 2147483647;
			files = (
				C205A7A619487CE700B37D32 /* CoreLocation.framework in Frameworks */,
				C205A77319487C5D00B37D32 /* CoreGraphics.framework in Frameworks */,
				C205A77519487C5D00B37D32 /* UIKit.framework in Frameworks */,
				C205A77119487C5D00B37D32 /* Foundation.framework in Frameworks */,
			);
			runOnlyForDeploymentPostprocessing = 0;
		};
		C205A78B19487C5D00B37D32 /* Frameworks */ = {
			isa = PBXFrameworksBuildPhase;
			buildActionMask = 2147483647;
			files = (
				C205A79019487C5D00B37D32 /* XCTest.framework in Frameworks */,
				C205A79219487C5D00B37D32 /* UIKit.framework in Frameworks */,
				C205A79119487C5D00B37D32 /* Foundation.framework in Frameworks */,
			);
			runOnlyForDeploymentPostprocessing = 0;
		};
/* End PBXFrameworksBuildPhase section */

/* Begin PBXGroup section */
		C205A76419487C5D00B37D32 = {
			isa = PBXGroup;
			children = (
				C205A77619487C5D00B37D32 /* OfficeBeacon */,
				C205A79519487C5D00B37D32 /* OfficeBeaconTests */,
				C205A76F19487C5D00B37D32 /* Frameworks */,
				C205A76E19487C5D00B37D32 /* Products */,
			);
			sourceTree = "<group>";
		};
		C205A76E19487C5D00B37D32 /* Products */ = {
			isa = PBXGroup;
			children = (
				C205A76D19487C5D00B37D32 /* OfficeBeacon.app */,
				C205A78E19487C5D00B37D32 /* OfficeBeaconTests.xctest */,
			);
			name = Products;
			sourceTree = "<group>";
		};
		C205A76F19487C5D00B37D32 /* Frameworks */ = {
			isa = PBXGroup;
			children = (
				C205A7A519487CE700B37D32 /* CoreLocation.framework */,
				C205A77019487C5D00B37D32 /* Foundation.framework */,
				C205A77219487C5D00B37D32 /* CoreGraphics.framework */,
				C205A77419487C5D00B37D32 /* UIKit.framework */,
				C205A78F19487C5D00B37D32 /* XCTest.framework */,
			);
			name = Frameworks;
			sourceTree = "<group>";
		};
		C205A77619487C5D00B37D32 /* OfficeBeacon */ = {
			isa = PBXGroup;
			children = (
				C205A77F19487C5D00B37D32 /* OBAppDelegate.h */,
				C205A78019487C5D00B37D32 /* OBAppDelegate.m */,
				C205A78219487C5D00B37D32 /* Main.storyboard */,
				C205A78519487C5D00B37D32 /* OBViewController.h */,
				C205A78619487C5D00B37D32 /* OBViewController.m */,
				C205A78819487C5D00B37D32 /* Images.xcassets */,
				C205A77719487C5D00B37D32 /* Supporting Files */,
			);
			path = OfficeBeacon;
			sourceTree = "<group>";
		};
		C205A77719487C5D00B37D32 /* Supporting Files */ = {
			isa = PBXGroup;
			children = (
				C205A77819487C5D00B37D32 /* OfficeBeacon-Info.plist */,
				C205A77919487C5D00B37D32 /* InfoPlist.strings */,
				C205A77C19487C5D00B37D32 /* main.m */,
				C205A77E19487C5D00B37D32 /* OfficeBeacon-Prefix.pch */,
			);
			name = "Supporting Files";
			sourceTree = "<group>";
		};
		C205A79519487C5D00B37D32 /* OfficeBeaconTests */ = {
			isa = PBXGroup;
			children = (
				C205A79B19487C5D00B37D32 /* OfficeBeaconTests.m */,
				C205A79619487C5D00B37D32 /* Supporting Files */,
			);
			path = OfficeBeaconTests;
			sourceTree = "<group>";
		};
		C205A79619487C5D00B37D32 /* Supporting Files */ = {
			isa = PBXGroup;
			children = (
				C205A79719487C5D00B37D32 /* OfficeBeaconTests-Info.plist */,
				C205A79819487C5D00B37D32 /* InfoPlist.strings */,
			);
			name = "Supporting Files";
			sourceTree = "<group>";
		};
/* End PBXGroup section */

/* Begin PBXNativeTarget section */
		C205A76C19487C5D00B37D32 /* OfficeBeacon */ = {
			isa = PBXNativeTarget;
			buildConfigurationList = C205A79F19487C5D00B37D32 /* Build configuration list for PBXNativeTarget "OfficeBeacon" */;
			buildPhases = (
				C205A76919487C5D00B37D32 /* Sources */,
				C205A76A19487C5D00B37D32 /* Frameworks */,
				C205A76B19487C5D00B37D32 /* Resources */,
			);
			buildRules = (
			);
			dependencies = (
			);
			name = OfficeBeacon;
			productName = OfficeBeacon;
			productReference = C205A76D19487C5D00B37D32 /* OfficeBeacon.app */;
			productType = "com.apple.product-type.application";
		};
		C205A78D19487C5D00B37D32 /* OfficeBeaconTests */ = {
			isa = PBXNativeTarget;
			buildConfigurationList = C205A7A219487C5D00B37D32 /* Build configuration list for PBXNativeTarget "OfficeBeaconTests" */;
			buildPhases = (
				C205A78A19487C5D00B37D32 /* Sources */,
				C205A78B19487C5D00B37D32 /* Frameworks */,
				C205A78C19487C5D00B37D32 /* Resources */,
			);
			buildRules = (
			);
			dependencies = (
				C205A79419487C5D00B37D32 /* PBXTargetDependency */,
			);
			name = OfficeBeaconTests;
			productName = OfficeBeaconTests;
			productReference = C205A78E19487C5D00B37D32 /* OfficeBeaconTests.xctest */;
			productType = "com.apple.product-type.bundle.unit-test";
		};
/* End PBXNativeTarget section */

/* Begin PBXProject section */
		C205A76519487C5D00B37D32 /* Project object */ = {
			isa = PBXProject;
			attributes = {
				CLASSPREFIX = OB;
				LastUpgradeCheck = 0510;
				ORGANIZATIONNAME = "Amro Mousa";
				TargetAttributes = {
					C205A76C19487C5D00B37D32 = {
						SystemCapabilities = {
							com.apple.BackgroundModes = {
								enabled = 1;
							};
						};
					};
					C205A78D19487C5D00B37D32 = {
						TestTargetID = C205A76C19487C5D00B37D32;
					};
				};
			};
			buildConfigurationList = C205A76819487C5D00B37D32 /* Build configuration list for PBXProject "OfficeBeacon" */;
			compatibilityVersion = "Xcode 3.2";
			developmentRegion = English;
			hasScannedForEncodings = 0;
			knownRegions = (
				en,
				Base,
			);
			mainGroup = C205A76419487C5D00B37D32;
			productRefGroup = C205A76E19487C5D00B37D32 /* Products */;
			projectDirPath = "";
			projectRoot = "";
			targets = (
				C205A76C19487C5D00B37D32 /* OfficeBeacon */,
				C205A78D19487C5D00B37D32 /* OfficeBeaconTests */,
			);
		};
/* End PBXProject section */

/* Begin PBXResourcesBuildPhase section */
		C205A76B19487C5D00B37D32 /* Resources */ = {
			isa = PBXResourcesBuildPhase;
			buildActionMask = 2147483647;
			files = (
				C205A78919487C5D00B37D32 /* Images.xcassets in Resources */,
				C205A77B19487C5D00B37D32 /* InfoPlist.strings in Resources */,
				C205A78419487C5D00B37D32 /* Main.storyboard in Resources */,
			);
			runOnlyForDeploymentPostprocessing = 0;
		};
		C205A78C19487C5D00B37D32 /* Resources */ = {
			isa = PBXResourcesBuildPhase;
			buildActionMask = 2147483647;
			files = (
				C205A79A19487C5D00B37D32 /* InfoPlist.strings in Resources */,
			);
			runOnlyForDeploymentPostprocessing = 0;
		};
/* End PBXResourcesBuildPhase section */

/* Begin PBXSourcesBuildPhase section */
		C205A76919487C5D00B37D32 /* Sources */ = {
			isa = PBXSourcesBuildPhase;
			buildActionMask = 2147483647;
			files = (
				C205A77D19487C5D00B37D32 /* main.m in Sources */,
				C205A78119487C5D00B37D32 /* OBAppDelegate.m in Sources */,
				C205A78719487C5D00B37D32 /* OBViewController.m in Sources */,
			);
			runOnlyForDeploymentPostprocessing = 0;
		};
		C205A78A19487C5D00B37D32 /* Sources */ = {
			isa = PBXSourcesBuildPhase;
			buildActionMask = 2147483647;
			files = (
				C205A79C19487C5D00B37D32 /* OfficeBeaconTests.m in Sources */,
			);
			runOnlyForDeploymentPostprocessing = 0;
		};
/* End PBXSourcesBuildPhase section */

/* Begin PBXTargetDependency section */
		C205A79419487C5D00B37D32 /* PBXTargetDependency */ = {
			isa = PBXTargetDependency;
			target = C205A76C19487C5D00B37D32 /* OfficeBeacon */;
			targetProxy = C205A79319487C5D00B37D32 /* PBXContainerItemProxy */;
		};
/* End PBXTargetDependency section */

/* Begin PBXVariantGroup section */
		C205A77919487C5D00B37D32 /* InfoPlist.strings */ = {
			isa = PBXVariantGroup;
			children = (
				C205A77A19487C5D00B37D32 /* en */,
			);
			name = InfoPlist.strings;
			sourceTree = "<group>";
		};
		C205A78219487C5D00B37D32 /* Main.storyboard */ = {
			isa = PBXVariantGroup;
			children = (
				C205A78319487C5D00B37D32 /* Base */,
			);
			name = Main.storyboard;
			sourceTree = "<group>";
		};
		C205A79819487C5D00B37D32 /* InfoPlist.strings */ = {
			isa = PBXVariantGroup;
			children = (
				C205A79919487C5D00B37D32 /* en */,
			);
			name = InfoPlist.strings;
			sourceTree = "<group>";
		};
/* End PBXVariantGroup section */

/* Begin XCBuildConfiguration section */
		C205A79D19487C5D00B37D32 /* Debug */ = {
			isa = XCBuildConfiguration;
			buildSettings = {
				ALWAYS_SEARCH_USER_PATHS = NO;
				CLANG_CXX_LANGUAGE_STANDARD = "gnu++0x";
				CLANG_CXX_LIBRARY = "libc++";
				CLANG_ENABLE_MODULES = YES;
				CLANG_ENABLE_OBJC_ARC = YES;
				CLANG_WARN_BOOL_CONVERSION = YES;
				CLANG_WARN_CONSTANT_CONVERSION = YES;
				CLANG_WARN_DIRECT_OBJC_ISA_USAGE = YES_ERROR;
				CLANG_WARN_EMPTY_BODY = YES;
				CLANG_WARN_ENUM_CONVERSION = YES;
				CLANG_WARN_INT_CONVERSION = YES;
				CLANG_WARN_OBJC_ROOT_CLASS = YES_ERROR;
				CLANG_WARN__DUPLICATE_METHOD_MATCH = YES;
				"CODE_SIGN_IDENTITY[sdk=iphoneos*]" = "iPhone Developer";
				COPY_PHASE_STRIP = NO;
				GCC_C_LANGUAGE_STANDARD = gnu99;
				GCC_DYNAMIC_NO_PIC = NO;
				GCC_OPTIMIZATION_LEVEL = 0;
				GCC_PREPROCESSOR_DEFINITIONS = (
					"DEBUG=1",
					"$(inherited)",
				);
				GCC_SYMBOLS_PRIVATE_EXTERN = NO;
				GCC_WARN_64_TO_32_BIT_CONVERSION = YES;
				GCC_WARN_ABOUT_RETURN_TYPE = YES_ERROR;
				GCC_WARN_UNDECLARED_SELECTOR = YES;
				GCC_WARN_UNINITIALIZED_AUTOS = YES_AGGRESSIVE;
				GCC_WARN_UNUSED_FUNCTION = YES;
				GCC_WARN_UNUSED_VARIABLE = YES;
				IPHONEOS_DEPLOYMENT_TARGET = 7.1;
				ONLY_ACTIVE_ARCH = YES;
				SDKROOT = iphoneos;
			};
			name = Debug;
		};
		C205A79E19487C5D00B37D32 /* Release */ = {
			isa = XCBuildConfiguration;
			buildSettings = {
				ALWAYS_SEARCH_USER_PATHS = NO;
				CLANG_CXX_LANGUAGE_STANDARD = "gnu++0x";
				CLANG_CXX_LIBRARY = "libc++";
				CLANG_ENABLE_MODULES = YES;
				CLANG_ENABLE_OBJC_ARC = YES;
				CLANG_WARN_BOOL_CONVERSION = YES;
				CLANG_WARN_CONSTANT_CONVERSION = YES;
				CLANG_WARN_DIRECT_OBJC_ISA_USAGE = YES_ERROR;
				CLANG_WARN_EMPTY_BODY = YES;
				CLANG_WARN_ENUM_CONVERSION = YES;
				CLANG_WARN_INT_CONVERSION = YES;
				CLANG_WARN_OBJC_ROOT_CLASS = YES_ERROR;
				CLANG_WARN__DUPLICATE_METHOD_MATCH = YES;
				"CODE_SIGN_IDENTITY[sdk=iphoneos*]" = "iPhone Developer";
				COPY_PHASE_STRIP = YES;
				ENABLE_NS_ASSERTIONS = NO;
				GCC_C_LANGUAGE_STANDARD = gnu99;
				GCC_WARN_64_TO_32_BIT_CONVERSION = YES;
				GCC_WARN_ABOUT_RETURN_TYPE = YES_ERROR;
				GCC_WARN_UNDECLARED_SELECTOR = YES;
				GCC_WARN_UNINITIALIZED_AUTOS = YES_AGGRESSIVE;
				GCC_WARN_UNUSED_FUNCTION = YES;
				GCC_WARN_UNUSED_VARIABLE = YES;
				IPHONEOS_DEPLOYMENT_TARGET = 7.1;
				SDKROOT = iphoneos;
				VALIDATE_PRODUCT = YES;
			};
			name = Release;
		};
		C205A7A019487C5D00B37D32 /* Debug */ = {
			isa = XCBuildConfiguration;
			buildSettings = {
				ASSETCATALOG_COMPILER_APPICON_NAME = AppIcon;
				ASSETCATALOG_COMPILER_LAUNCHIMAGE_NAME = LaunchImage;
				GCC_PRECOMPILE_PREFIX_HEADER = YES;
				GCC_PREFIX_HEADER = "OfficeBeacon/OfficeBeacon-Prefix.pch";
				INFOPLIST_FILE = "OfficeBeacon/OfficeBeacon-Info.plist";
				PRODUCT_NAME = "$(TARGET_NAME)";
				WRAPPER_EXTENSION = app;
			};
			name = Debug;
		};
		C205A7A119487C5D00B37D32 /* Release */ = {
			isa = XCBuildConfiguration;
			buildSettings = {
				ASSETCATALOG_COMPILER_APPICON_NAME = AppIcon;
				ASSETCATALOG_COMPILER_LAUNCHIMAGE_NAME = LaunchImage;
				GCC_PRECOMPILE_PREFIX_HEADER = YES;
				GCC_PREFIX_HEADER = "OfficeBeacon/OfficeBeacon-Prefix.pch";
				INFOPLIST_FILE = "OfficeBeacon/OfficeBeacon-Info.plist";
				PRODUCT_NAME = "$(TARGET_NAME)";
				WRAPPER_EXTENSION = app;
			};
			name = Release;
		};
		C205A7A319487C5D00B37D32 /* Debug */ = {
			isa = XCBuildConfiguration;
			buildSettings = {
				BUNDLE_LOADER = "$(BUILT_PRODUCTS_DIR)/OfficeBeacon.app/OfficeBeacon";
				FRAMEWORK_SEARCH_PATHS = (
					"$(SDKROOT)/Developer/Library/Frameworks",
					"$(inherited)",
					"$(DEVELOPER_FRAMEWORKS_DIR)",
				);
				GCC_PRECOMPILE_PREFIX_HEADER = YES;
				GCC_PREFIX_HEADER = "OfficeBeacon/OfficeBeacon-Prefix.pch";
				GCC_PREPROCESSOR_DEFINITIONS = (
					"DEBUG=1",
					"$(inherited)",
				);
				INFOPLIST_FILE = "OfficeBeaconTests/OfficeBeaconTests-Info.plist";
				PRODUCT_NAME = "$(TARGET_NAME)";
				TEST_HOST = "$(BUNDLE_LOADER)";
				WRAPPER_EXTENSION = xctest;
			};
			name = Debug;
		};
		C205A7A419487C5D00B37D32 /* Release */ = {
			isa = XCBuildConfiguration;
			buildSettings = {
				BUNDLE_LOADER = "$(BUILT_PRODUCTS_DIR)/OfficeBeacon.app/OfficeBeacon";
				FRAMEWORK_SEARCH_PATHS = (
					"$(SDKROOT)/Developer/Library/Frameworks",
					"$(inherited)",
					"$(DEVELOPER_FRAMEWORKS_DIR)",
				);
				GCC_PRECOMPILE_PREFIX_HEADER = YES;
				GCC_PREFIX_HEADER = "OfficeBeacon/OfficeBeacon-Prefix.pch";
				INFOPLIST_FILE = "OfficeBeaconTests/OfficeBeaconTests-Info.plist";
				PRODUCT_NAME = "$(TARGET_NAME)";
				TEST_HOST = "$(BUNDLE_LOADER)";
				WRAPPER_EXTENSION = xctest;
			};
			name = Release;
		};
/* End XCBuildConfiguration section */

/* Begin XCConfigurationList section */
		C205A76819487C5D00B37D32 /* Build configuration list for PBXProject "OfficeBeacon" */ = {
			isa = XCConfigurationList;
			buildConfigurations = (
				C205A79D19487C5D00B37D32 /* Debug */,
				C205A79E19487C5D00B37D32 /* Release */,
			);
			defaultConfigurationIsVisible = 0;
			defaultConfigurationName = Release;
		};
		C205A79F19487C5D00B37D32 /* Build configuration list for PBXNativeTarget "OfficeBeacon" */ = {
			isa = XCConfigurationList;
			buildConfigurations = (
				C205A7A019487C5D00B37D32 /* Debug */,
				C205A7A119487C5D00B37D32 /* Release */,
			);
			defaultConfigurationIsVisible = 0;
		};
		C205A7A219487C5D00B37D32 /* Build configuration list for PBXNativeTarget "OfficeBeaconTests" */ = {
			isa = XCConfigurationList;
			buildConfigurations = (
				C205A7A319487C5D00B37D32 /* Debug */,
				C205A7A419487C5D00B37D32 /* Release */,
			);
			defaultConfigurationIsVisible = 0;
		};
/* End XCConfigurationList section */
	};
	rootObject = C205A76519487C5D00B37D32 /* Project object */;
}
